
Microsoft Visual Studio Solution File, Format Version 12.00
# Visual Studio Version 16
VisualStudioVersion = 16.0.29102.190
MinimumVisualStudioVersion = 10.0.40219.1
Project("{FAE04EC0-301F-11D3-BF4B-00C04F79EFBC}") = "OnePlusOne", "OnePlusOne\OnePlusOne.csproj", "{20A73890-2EC8-4914-A850-4A1A7BF5E8AF}"
EndProject
Global
	GlobalSection(SolutionConfigurationPlatforms) = preSolution
		Debug|Any CPU = Debug|Any CPU
		Release|Any CPU = Release|Any CPU
	EndGlobalSection
	GlobalSection(ProjectConfigurationPlatforms) = postSolution
		{20A73890-2EC8-4914-A850-4A1A7BF5E8AF}.Debug|Any CPU.ActiveCfg = Debug|Any CPU
		{20A73890-2EC8-4914-A850-4A1A7BF5E8AF}.Debug|Any CPU.Build.0 = Debug|Any CPU
		{20A73890-2EC8-4914-A850-4A1A7BF5E8AF}.Release|Any CPU.ActiveCfg = Release|Any CPU
		{20A73890-2EC8-4914-A850-4A1A7BF5E8AF}.Release|Any CPU.Build.0 = Release|Any CPU
	EndGlobalSection
	GlobalSection(SolutionProperties) = preSolution
		HideSolutionNode = FALSE
	EndGlobalSection
	GlobalSection(ExtensibilityGlobals) = postSolution
		SolutionGuid = {3681F635-89E1-491A-8BD4-C170A843C2DB}
	EndGlobalSection
EndGlobal
